
Microsoft Visual Studio Solution File, Format Version 12.00
# Visual Studio Version 17
VisualStudioVersion = 17.0.0.0
MinimumVisualStudioVersion = 10.0.40219.1
Project("{9A19103F-16F7-4668-BE54-9A1E7A4F7556}") = "SqlPilot.Core", "src\SqlPilot.Core\SqlPilot.Core.csproj", "{A1B2C3D4-1111-2222-3333-444455556666}"
EndProject
Project("{9A19103F-16F7-4668-BE54-9A1E7A4F7556}") = "SqlPilot.Smo", "src\SqlPilot.Smo\SqlPilot.Smo.csproj", "{A1B2C3D4-1111-2222-3333-444455557777}"
EndProject
Project("{9A19103F-16F7-4668-BE54-9A1E7A4F7556}") = "SqlPilot.UI", "src\SqlPilot.UI\SqlPilot.UI.csproj", "{A1B2C3D4-1111-2222-3333-444455558888}"
EndProject
Project("{9A19103F-16F7-4668-BE54-9A1E7A4F7556}") = "SqlPilot.Package", "src\SqlPilot.Package\SqlPilot.Package.csproj", "{A1B2C3D4-1111-2222-3333-444455559999}"
EndProject
Project("{9A19103F-16F7-4668-BE54-9A1E7A4F7556}") = "SqlPilot.UI.Demo", "src\SqlPilot.UI.Demo\SqlPilot.UI.Demo.csproj", "{A1B2C3D4-1111-2222-3333-44445555AAAA}"
EndProject
Project("{9A19103F-16F7-4668-BE54-9A1E7A4F7556}") = "SqlPilot.Core.Tests", "tests\SqlPilot.Core.Tests\SqlPilot.Core.Tests.csproj", "{A1B2C3D4-1111-2222-3333-44445555BBBB}"
EndProject
Project("{2150E333-8FDC-42A3-9474-1A3956D46DE8}") = "src", "src", "{E1F2A3B4-0001-0002-0003-000400050006}"
EndProject
Project("{2150E333-8FDC-42A3-9474-1A3956D46DE8}") = "tests", "tests", "{E1F2A3B4-0001-0002-0003-000400050007}"
EndProject
Project("{FAE04EC0-301F-11D3-BF4B-00C04F79EFBC}") = "SqlPilot.Smo.Legacy", "src\SqlPilot.Smo.Legacy\SqlPilot.Smo.Legacy.csproj", "{B36CB175-6642-4E6A-A6A2-E8A7913404CF}"
EndProject
Project("{FAE04EC0-301F-11D3-BF4B-00C04F79EFBC}") = "SqlPilot.Package.Legacy", "src\SqlPilot.Package.Legacy\SqlPilot.Package.Legacy.csproj", "{DB162456-E5F3-4B9E-ABD8-E17B60C8C124}"
EndProject
Project("{FAE04EC0-301F-11D3-BF4B-00C04F79EFBC}") = "SqlPilot.Installer", "src\SqlPilot.Installer\SqlPilot.Installer.csproj", "{5DE3DAB8-FC8F-462F-9369-A32A54D5E4F6}"
EndProject
Global
	GlobalSection(SolutionConfigurationPlatforms) = preSolution
		Debug|Any CPU = Debug|Any CPU
		Debug|x64 = Debug|x64
		Debug|x86 = Debug|x86
		Release|Any CPU = Release|Any CPU
		Release|x64 = Release|x64
		Release|x86 = Release|x86
	EndGlobalSection
	GlobalSection(ProjectConfigurationPlatforms) = postSolution
		{A1B2C3D4-1111-2222-3333-444455556666}.Debug|Any CPU.ActiveCfg = Debug|Any CPU
		{A1B2C3D4-1111-2222-3333-444455556666}.Debug|Any CPU.Build.0 = Debug|Any CPU
		{A1B2C3D4-1111-2222-3333-444455556666}.Debug|x64.ActiveCfg = Debug|Any CPU
		{A1B2C3D4-1111-2222-3333-444455556666}.Debug|x64.Build.0 = Debug|Any CPU
		{A1B2C3D4-1111-2222-3333-444455556666}.Debug|x86.ActiveCfg = Debug|Any CPU
		{A1B2C3D4-1111-2222-3333-444455556666}.Debug|x86.Build.0 = Debug|Any CPU
		{A1B2C3D4-1111-2222-3333-444455556666}.Release|Any CPU.ActiveCfg = Release|Any CPU
		{A1B2C3D4-1111-2222-3333-444455556666}.Release|Any CPU.Build.0 = Release|Any CPU
		{A1B2C3D4-1111-2222-3333-444455556666}.Release|x64.ActiveCfg = Release|Any CPU
		{A1B2C3D4-1111-2222-3333-444455556666}.Release|x64.Build.0 = Release|Any CPU
		{A1B2C3D4-1111-2222-3333-444455556666}.Release|x86.ActiveCfg = Release|Any CPU
		{A1B2C3D4-1111-2222-3333-444455556666}.Release|x86.Build.0 = Release|Any CPU
		{A1B2C3D4-1111-2222-3333-444455557777}.Debug|Any CPU.ActiveCfg = Debug|Any CPU
		{A1B2C3D4-1111-2222-3333-444455557777}.Debug|Any CPU.Build.0 = Debug|Any CPU
		{A1B2C3D4-1111-2222-3333-444455557777}.Debug|x64.ActiveCfg = Debug|Any CPU
		{A1B2C3D4-1111-2222-3333-444455557777}.Debug|x64.Build.0 = Debug|Any CPU
		{A1B2C3D4-1111-2222-3333-444455557777}.Debug|x86.ActiveCfg = Debug|Any CPU
		{A1B2C3D4-1111-2222-3333-444455557777}.Debug|x86.Build.0 = Debug|Any CPU
		{A1B2C3D4-1111-2222-3333-444455557777}.Release|Any CPU.ActiveCfg = Release|Any CPU
		{A1B2C3D4-1111-2222-3333-444455557777}.Release|Any CPU.Build.0 = Release|Any CPU
		{A1B2C3D4-1111-2222-3333-444455557777}.Release|x64.ActiveCfg = Release|Any CPU
		{A1B2C3D4-1111-2222-3333-444455557777}.Release|x64.Build.0 = Release|Any CPU
		{A1B2C3D4-1111-2222-3333-444455557777}.Release|x86.ActiveCfg = Release|Any CPU
		{A1B2C3D4-1111-2222-3333-444455557777}.Release|x86.Build.0 = Release|Any CPU
		{A1B2C3D4-1111-2222-3333-444455558888}.Debug|Any CPU.ActiveCfg = Debug|Any CPU
		{A1B2C3D4-1111-2222-3333-444455558888}.Debug|Any CPU.Build.0 = Debug|Any CPU
		{A1B2C3D4-1111-2222-3333-444455558888}.Debug|x64.ActiveCfg = Debug|Any CPU
		{A1B2C3D4-1111-2222-3333-444455558888}.Debug|x64.Build.0 = Debug|Any CPU
		{A1B2C3D4-1111-2222-3333-444455558888}.Debug|x86.ActiveCfg = Debug|Any CPU
		{A1B2C3D4-1111-2222-3333-444455558888}.Debug|x86.Build.0 = Debug|Any CPU
		{A1B2C3D4-1111-2222-3333-444455558888}.Release|Any CPU.ActiveCfg = Release|Any CPU
		{A1B2C3D4-1111-2222-3333-444455558888}.Release|Any CPU.Build.0 = Release|Any CPU
		{A1B2C3D4-1111-2222-3333-444455558888}.Release|x64.ActiveCfg = Release|Any CPU
		{A1B2C3D4-1111-2222-3333-444455558888}.Release|x64.Build.0 = Release|Any CPU
		{A1B2C3D4-1111-2222-3333-444455558888}.Release|x86.ActiveCfg = Release|Any CPU
		{A1B2C3D4-1111-2222-3333-444455558888}.Release|x86.Build.0 = Release|Any CPU
		{A1B2C3D4-1111-2222-3333-444455559999}.Debug|Any CPU.ActiveCfg = Debug|Any CPU
		{A1B2C3D4-1111-2222-3333-444455559999}.Debug|Any CPU.Build.0 = Debug|Any CPU
		{A1B2C3D4-1111-2222-3333-444455559999}.Debug|x64.ActiveCfg = Debug|Any CPU
		{A1B2C3D4-1111-2222-3333-444455559999}.Debug|x64.Build.0 = Debug|Any CPU
		{A1B2C3D4-1111-2222-3333-444455559999}.Debug|x86.ActiveCfg = Debug|Any CPU
		{A1B2C3D4-1111-2222-3333-444455559999}.Debug|x86.Build.0 = Debug|Any CPU
		{A1B2C3D4-1111-2222-3333-444455559999}.Release|Any CPU.ActiveCfg = Release|Any CPU
		{A1B2C3D4-1111-2222-3333-444455559999}.Release|Any CPU.Build.0 = Release|Any CPU
		{A1B2C3D4-1111-2222-3333-444455559999}.Release|x64.ActiveCfg = Release|Any CPU
		{A1B2C3D4-1111-2222-3333-444455559999}.Release|x64.Build.0 = Release|Any CPU
		{A1B2C3D4-1111-2222-3333-444455559999}.Release|x86.ActiveCfg = Release|Any CPU
		{A1B2C3D4-1111-2222-3333-444455559999}.Release|x86.Build.0 = Release|Any CPU
		{A1B2C3D4-1111-2222-3333-44445555AAAA}.Debug|Any CPU.ActiveCfg = Debug|Any CPU
		{A1B2C3D4-1111-2222-3333-44445555AAAA}.Debug|Any CPU.Build.0 = Debug|Any CPU
		{A1B2C3D4-1111-2222-3333-44445555AAAA}.Debug|x64.ActiveCfg = Debug|Any CPU
		{A1B2C3D4-1111-2222-3333-44445555AAAA}.Debug|x64.Build.0 = Debug|Any CPU
		{A1B2C3D4-1111-2222-3333-44445555AAAA}.Debug|x86.ActiveCfg = Debug|Any CPU
		{A1B2C3D4-1111-2222-3333-44445555AAAA}.Debug|x86.Build.0 = Debug|Any CPU
		{A1B2C3D4-1111-2222-3333-44445555AAAA}.Release|Any CPU.ActiveCfg = Release|Any CPU
		{A1B2C3D4-1111-2222-3333-44445555AAAA}.Release|Any CPU.Build.0 = Release|Any CPU
		{A1B2C3D4-1111-2222-3333-44445555AAAA}.Release|x64.ActiveCfg = Release|Any CPU
		{A1B2C3D4-1111-2222-3333-44445555AAAA}.Release|x64.Build.0 = Release|Any CPU
		{A1B2C3D4-1111-2222-3333-44445555AAAA}.Release|x86.ActiveCfg = Release|Any CPU
		{A1B2C3D4-1111-2222-3333-44445555AAAA}.Release|x86.Build.0 = Release|Any CPU
		{A1B2C3D4-1111-2222-3333-44445555BBBB}.Debug|Any CPU.ActiveCfg = Debug|Any CPU
		{A1B2C3D4-1111-2222-3333-44445555BBBB}.Debug|Any CPU.Build.0 = Debug|Any CPU
		{A1B2C3D4-1111-2222-3333-44445555BBBB}.Debug|x64.ActiveCfg = Debug|Any CPU
		{A1B2C3D4-1111-2222-3333-44445555BBBB}.Debug|x64.Build.0 = Debug|Any CPU
		{A1B2C3D4-1111-2222-3333-44445555BBBB}.Debug|x86.ActiveCfg = Debug|Any CPU
		{A1B2C3D4-1111-2222-3333-44445555BBBB}.Debug|x86.Build.0 = Debug|Any CPU
		{A1B2C3D4-1111-2222-3333-44445555BBBB}.Release|Any CPU.ActiveCfg = Release|Any CPU
		{A1B2C3D4-1111-2222-3333-44445555BBBB}.Release|Any CPU.Build.0 = Release|Any CPU
		{A1B2C3D4-1111-2222-3333-44445555BBBB}.Release|x64.ActiveCfg = Release|Any CPU
		{A1B2C3D4-1111-2222-3333-44445555BBBB}.Release|x64.Build.0 = Release|Any CPU
		{A1B2C3D4-1111-2222-3333-44445555BBBB}.Release|x86.ActiveCfg = Release|Any CPU
		{A1B2C3D4-1111-2222-3333-44445555BBBB}.Release|x86.Build.0 = Release|Any CPU
		{B36CB175-6642-4E6A-A6A2-E8A7913404CF}.Debug|Any CPU.ActiveCfg = Debug|Any CPU
		{B36CB175-6642-4E6A-A6A2-E8A7913404CF}.Debug|Any CPU.Build.0 = Debug|Any CPU
		{B36CB175-6642-4E6A-A6A2-E8A7913404CF}.Debug|x64.ActiveCfg = Debug|Any CPU
		{B36CB175-6642-4E6A-A6A2-E8A7913404CF}.Debug|x64.Build.0 = Debug|Any CPU
		{B36CB175-6642-4E6A-A6A2-E8A7913404CF}.Debug|x86.ActiveCfg = Debug|Any CPU
		{B36CB175-6642-4E6A-A6A2-E8A7913404CF}.Debug|x86.Build.0 = Debug|Any CPU
		{B36CB175-6642-4E6A-A6A2-E8A7913404CF}.Release|Any CPU.ActiveCfg = Release|Any CPU
		{B36CB175-6642-4E6A-A6A2-E8A7913404CF}.Release|Any CPU.Build.0 = Release|Any CPU
		{B36CB175-6642-4E6A-A6A2-E8A7913404CF}.Release|x64.ActiveCfg = Release|Any CPU
		{B36CB175-6642-4E6A-A6A2-E8A7913404CF}.Release|x64.Build.0 = Release|Any CPU
		{B36CB175-6642-4E6A-A6A2-E8A7913404CF}.Release|x86.ActiveCfg = Release|Any CPU
		{B36CB175-6642-4E6A-A6A2-E8A7913404CF}.Release|x86.Build.0 = Release|Any CPU
		{DB162456-E5F3-4B9E-ABD8-E17B60C8C124}.Debug|Any CPU.ActiveCfg = Debug|Any CPU
		{DB162456-E5F3-4B9E-ABD8-E17B60C8C124}.Debug|Any CPU.Build.0 = Debug|Any CPU
		{DB162456-E5F3-4B9E-ABD8-E17B60C8C124}.Debug|x64.ActiveCfg = Debug|Any CPU
		{DB162456-E5F3-4B9E-ABD8-E17B60C8C124}.Debug|x64.Build.0 = Debug|Any CPU
		{DB162456-E5F3-4B9E-ABD8-E17B60C8C124}.Debug|x86.ActiveCfg = Debug|Any CPU
		{DB162456-E5F3-4B9E-ABD8-E17B60C8C124}.Debug|x86.Build.0 = Debug|Any CPU
		{DB162456-E5F3-4B9E-ABD8-E17B60C8C124}.Release|Any CPU.ActiveCfg = Release|Any CPU
		{DB162456-E5F3-4B9E-ABD8-E17B60C8C124}.Release|Any CPU.Build.0 = Release|Any CPU
		{DB162456-E5F3-4B9E-ABD8-E17B60C8C124}.Release|x64.ActiveCfg = Release|Any CPU
		{DB162456-E5F3-4B9E-ABD8-E17B60C8C124}.Release|x64.Build.0 = Release|Any CPU
		{DB162456-E5F3-4B9E-ABD8-E17B60C8C124}.Release|x86.ActiveCfg = Release|Any CPU
		{DB162456-E5F3-4B9E-ABD8-E17B60C8C124}.Release|x86.Build.0 = Release|Any CPU
		{5DE3DAB8-FC8F-462F-9369-A32A54D5E4F6}.Debug|Any CPU.ActiveCfg = Debug|Any CPU
		{5DE3DAB8-FC8F-462F-9369-A32A54D5E4F6}.Debug|Any CPU.Build.0 = Debug|Any CPU
		{5DE3DAB8-FC8F-462F-9369-A32A54D5E4F6}.Debug|x64.ActiveCfg = Debug|Any CPU
		{5DE3DAB8-FC8F-462F-9369-A32A54D5E4F6}.Debug|x64.Build.0 = Debug|Any CPU
		{5DE3DAB8-FC8F-462F-9369-A32A54D5E4F6}.Debug|x86.ActiveCfg = Debug|Any CPU
		{5DE3DAB8-FC8F-462F-9369-A32A54D5E4F6}.Debug|x86.Build.0 = Debug|Any CPU
		{5DE3DAB8-FC8F-462F-9369-A32A54D5E4F6}.Release|Any CPU.ActiveCfg = Release|Any CPU
		{5DE3DAB8-FC8F-462F-9369-A32A54D5E4F6}.Release|Any CPU.Build.0 = Release|Any CPU
		{5DE3DAB8-FC8F-462F-9369-A32A54D5E4F6}.Release|x64.ActiveCfg = Release|Any CPU
		{5DE3DAB8-FC8F-462F-9369-A32A54D5E4F6}.Release|x64.Build.0 = Release|Any CPU
		{5DE3DAB8-FC8F-462F-9369-A32A54D5E4F6}.Release|x86.ActiveCfg = Release|Any CPU
		{5DE3DAB8-FC8F-462F-9369-A32A54D5E4F6}.Release|x86.Build.0 = Release|Any CPU
	EndGlobalSection
	GlobalSection(SolutionProperties) = preSolution
		HideSolutionNode = FALSE
	EndGlobalSection
	GlobalSection(NestedProjects) = preSolution
		{A1B2C3D4-1111-2222-3333-444455556666} = {E1F2A3B4-0001-0002-0003-000400050006}
		{A1B2C3D4-1111-2222-3333-444455557777} = {E1F2A3B4-0001-0002-0003-000400050006}
		{A1B2C3D4-1111-2222-3333-444455558888} = {E1F2A3B4-0001-0002-0003-000400050006}
		{A1B2C3D4-1111-2222-3333-444455559999} = {E1F2A3B4-0001-0002-0003-000400050006}
		{A1B2C3D4-1111-2222-3333-44445555AAAA} = {E1F2A3B4-0001-0002-0003-000400050006}
		{A1B2C3D4-1111-2222-3333-44445555BBBB} = {E1F2A3B4-0001-0002-0003-000400050007}
		{B36CB175-6642-4E6A-A6A2-E8A7913404CF} = {E1F2A3B4-0001-0002-0003-000400050006}
		{DB162456-E5F3-4B9E-ABD8-E17B60C8C124} = {E1F2A3B4-0001-0002-0003-000400050006}
		{5DE3DAB8-FC8F-462F-9369-A32A54D5E4F6} = {E1F2A3B4-0001-0002-0003-000400050006}
	EndGlobalSection
	GlobalSection(ExtensibilityGlobals) = postSolution
		SolutionGuid = {F1E2D3C4-A5B6-C7D8-E9F0-112233445566}
	EndGlobalSection
EndGlobal
